Microsoft Visual Studio Solution File, Format Version 12.00
# Visual Studio Version 17
VisualStudioVersion = 17.5.2.0
MinimumVisualStudioVersion = 10.0.40219.1
Project("{FAE04EC0-301F-11D3-BF4B-00C04F79EFBC}") = "SKSimulator", "SKSimulator.csproj", "{8C05F24F-6301-D354-0F44-B66FFB0FF193}"
EndProject
Global
	GlobalSection(SolutionConfigurationPlatforms) = preSolution
		Debug|Any CPU = Debug|Any CPU
		Release|Any CPU = Release|Any CPU
	EndGlobalSection
	GlobalSection(ProjectConfigurationPlatforms) = postSolution
		{8C05F24F-6301-D354-0F44-B66FFB0FF193}.Debug|Any CPU.ActiveCfg = Debug|Any CPU
		{8C05F24F-6301-D354-0F44-B66FFB0FF193}.Debug|Any CPU.Build.0 = Debug|Any CPU
		{8C05F24F-6301-D354-0F44-B66FFB0FF193}.Release|Any CPU.ActiveCfg = Release|Any CPU
		{8C05F24F-6301-D354-0F44-B66FFB0FF193}.Release|Any CPU.Build.0 = Release|Any CPU
	EndGlobalSection
	GlobalSection(SolutionProperties) = preSolution
		HideSolutionNode = FALSE
	EndGlobalSection
	GlobalSection(ExtensibilityGlobals) = postSolution
		SolutionGuid = {8650459F-2B68-4366-B571-ABE65D0057A2}
	EndGlobalSection
EndGlobal
